# THIS IS AN AUTOGENERATED FILE. DO NOT EDIT THIS FILE DIRECTLY.
# yarn lockfile v1
encoding@^0.1.11:
  version "0.1.12"
  resolved "http://registry.npm.taobao.org/encoding/download/encoding-0.1.12.tgz#538b66f3ee62cd1ab51ec323829d1f9480c74beb"
  dependencies:
    iconv-lite "~0.4.13"

es6-promise@^3.2.1:
  version "3.3.1"
  resolved "http://registry.npm.taobao.org/es6-promise/download/es6-promise-3.3.1.tgz#a08cdde84ccdbf34d027a1451bc91d4bcd28a613"

fetch-jsonp@^1.0.6:
  version "1.0.6"
  resolved "http://registry.npm.taobao.org/fetch-jsonp/download/fetch-jsonp-1.0.6.tgz#8d2ae174ed14108292f025f43fa07d2078de6736"

fluent-fetcher:
  version "0.2.0"
  resolved "http://registry.npm.taobao.org/fluent-fetcher/download/fluent-fetcher-0.2.0.tgz#013e1e8dc7c96147b6e19c54f4652aeda93855fc"
  dependencies:
    es6-promise "^3.2.1"
    fetch-jsonp "^1.0.6"
    isomorphic-fetch "^2.2.1"
    isomorphic-urlencode "0.0.9"

iconv-lite@~0.4.11, iconv-lite@~0.4.13:
  version "0.4.17"
  resolved "http://registry.npm.taobao.org/iconv-lite/download/iconv-lite-0.4.17.tgz#4fdaa3b38acbc2c031b045d0edcdfe1ecab18c8d"

is-stream@^1.0.1:
  version "1.1.0"
  resolved "http://registry.npm.taobao.org/is-stream/download/is-stream-1.1.0.tgz#12d4a3dd4e68e0b79ceb8dbc84173ae80d91ca44"

isomorphic-fetch@^2.2.1:
  version "2.2.1"
  resolved "http://registry.npm.taobao.org/isomorphic-fetch/download/isomorphic-fetch-2.2.1.tgz#611ae1acf14f5e81f729507472819fe9733558a9"
  dependencies:
    node-fetch "^1.0.1"
    whatwg-fetch ">=0.10.0"

isomorphic-urlencode@0.0.9:
  version "0.0.9"
  resolved "http://registry.npm.taobao.org/isomorphic-urlencode/download/isomorphic-urlencode-0.0.9.tgz#ce2f9a988d30f4a2b65713d590fff4ba247ace12"
  dependencies:
    es6-promise "^3.2.1"
    urlencode "^1.1.0"

node-fetch@^1.0.1:
  version "1.6.3"
  resolved "http://registry.npm.taobao.org/node-fetch/download/node-fetch-1.6.3.tgz#dc234edd6489982d58e8f0db4f695029abcd8c04"
  dependencies:
    encoding "^0.1.11"
    is-stream "^1.0.1"

urlencode@^1.1.0:
  version "1.1.0"
  resolved "http://registry.npm.taobao.org/urlencode/download/urlencode-1.1.0.tgz#1f2ba26f013c85f0133f7a3ad6ff2730adf7cbb7"
  dependencies:
    iconv-lite "~0.4.11"

whatwg-fetch@>=0.10.0:
  version "2.0.3"
  resolved "http://registry.npm.taobao.org/whatwg-fetch/download/whatwg-fetch-2.0.3.tgz#9c84ec2dcf68187ff00bc64e1274b442176e1c84"

