# THIS IS AN AUTOGENERATED FILE. DO NOT EDIT THIS FILE DIRECTLY.
# yarn lockfile v1
add-dom-event-listener@1.x:
  version "1.0.2"
  resolved "http://registry.npm.taobao.org/add-dom-event-listener/download/add-dom-event-listener-1.0.2.tgz#8faed2c41008721cf111da1d30d995b85be42bed"
  dependencies:
    object-assign "4.x"

antd:
  version "2.9.1"
  resolved "http://registry.npm.taobao.org/antd/download/antd-2.9.1.tgz#327ecee8264b77cb6c14fcb1e1ecd0d8a2da5d5f"
  dependencies:
    array-tree-filter "~1.0.0"
    babel-runtime "6.x"
    classnames "~2.2.0"
    css-animation "^1.2.5"
    dom-closest "^0.2.0"
    lodash.debounce "^4.0.8"
    moment "~2.18.0"
    object-assign "~4.1.0"
    omit.js "^0.1.0"
    rc-animate "~2.3.0"
    rc-calendar "~7.8.0"
    rc-cascader "~0.11.0"
    rc-checkbox "~1.5.0"
    rc-collapse "~1.6.4"
    rc-dialog "~6.5.0"
    rc-dropdown "~1.4.8"
    rc-editor-mention "~0.5.2"
    rc-form "~1.3.0"
    rc-input-number "~3.4.4"
    rc-menu "~5.0.9"
    rc-notification "~1.4.0"
    rc-pagination "~1.8.0"
    rc-progress "~2.1.0"
    rc-radio "~2.0.0"
    rc-rate "~2.1.0"
    rc-select "~6.8.0"
    rc-slider "~7.0.0"
    rc-steps "~2.5.0"
    rc-switch "~1.4.2"
    rc-table "~5.2.13"
    rc-tabs "~7.3.0"
    rc-time-picker "~2.3.3"
    rc-tooltip "~3.4.2"
    rc-tree "~1.4.0"
    rc-tree-select "~1.9.0"
    rc-upload "~2.3.0"
    rc-util "^4.0.1"
    react-lazy-load "^3.0.10"
    react-slick "~0.14.2"
    shallowequal "^0.2.2"
    warning "~3.0.0"

array-tree-filter@^1.0.0, array-tree-filter@~1.0.0:
  version "1.0.1"
  resolved "http://registry.npm.taobao.org/array-tree-filter/download/array-tree-filter-1.0.1.tgz#0a8ad1eefd38ce88858632f9cc0423d7634e4d5d"

asap@~2.0.3:
  version "2.0.5"
  resolved "http://registry.npm.taobao.org/asap/download/asap-2.0.5.tgz#522765b50c3510490e52d7dcfe085ef9ba96958f"

async-validator@1.x:
  version "1.6.8"
  resolved "http://registry.npm.taobao.org/async-validator/download/async-validator-1.6.8.tgz#fbaaa9002b41066fdf3ba21d8a4ca8b1179ad36b"

babel-runtime@6.x:
  version "6.23.0"
  resolved "http://registry.npm.taobao.org/babel-runtime/download/babel-runtime-6.23.0.tgz#0a9489f144de70efb3ce4300accdb329e2fc543b"
  dependencies:
    core-js "^2.4.0"
    regenerator-runtime "^0.10.0"

boolbase@~1.0.0:
  version "1.0.0"
  resolved "http://registry.npm.taobao.org/boolbase/download/boolbase-1.0.0.tgz#68dff5fbe60c51eb37725ea9e3ed310dcc1e776e"

buffer-shims@~1.0.0:
  version "1.0.0"
  resolved "http://registry.npm.taobao.org/buffer-shims/download/buffer-shims-1.0.0.tgz#9978ce317388c649ad8793028c3477ef044a8b51"

can-use-dom@^0.1.0:
  version "0.1.0"
  resolved "http://registry.npm.taobao.org/can-use-dom/download/can-use-dom-0.1.0.tgz#22cc4a34a0abc43950f42c6411024a3f6366b45a"

cheerio@^0.22.0:
  version "0.22.0"
  resolved "http://registry.npm.taobao.org/cheerio/download/cheerio-0.22.0.tgz#a9baa860a3f9b595a6b81b1a86873121ed3a269e"
  dependencies:
    css-select "~1.2.0"
    dom-serializer "~0.1.0"
    entities "~1.1.1"
    htmlparser2 "^3.9.1"
    lodash.assignin "^4.0.9"
    lodash.bind "^4.1.4"
    lodash.defaults "^4.0.1"
    lodash.filter "^4.4.0"
    lodash.flatten "^4.2.0"
    lodash.foreach "^4.3.0"
    lodash.map "^4.4.0"
    lodash.merge "^4.4.0"
    lodash.pick "^4.2.1"
    lodash.reduce "^4.4.0"
    lodash.reject "^4.4.0"
    lodash.some "^4.4.0"

classnames@^2.2.0, classnames@^2.2.1, classnames@^2.2.3, classnames@^2.2.5, classnames@~2.2.0, classnames@2.x:
  version "2.2.5"
  resolved "http://registry.npm.taobao.org/classnames/download/classnames-2.2.5.tgz#fb3801d453467649ef3603c7d61a02bd129bde6d"

component-classes@^1.2.5, component-classes@^1.2.6, component-classes@1.x:
  version "1.2.6"
  resolved "http://registry.npm.taobao.org/component-classes/download/component-classes-1.2.6.tgz#c642394c3618a4d8b0b8919efccbbd930e5cd691"
  dependencies:
    component-indexof "0.0.3"

component-indexof@0.0.3:
  version "0.0.3"
  resolved "http://registry.npm.taobao.org/component-indexof/download/component-indexof-0.0.3.tgz#11d091312239eb8f32c8f25ae9cb002ffe8d3c24"

core-js@^1.0.0:
  version "1.2.7"
  resolved "http://registry.npm.taobao.org/core-js/download/core-js-1.2.7.tgz#652294c14651db28fa93bd2d5ff2983a4f08c636"

core-js@^2.4.0:
  version "2.4.1"
  resolved "http://registry.npm.taobao.org/core-js/download/core-js-2.4.1.tgz#4de911e667b0eae9124e34254b53aea6fc618d3e"

core-util-is@~1.0.0:
  version "1.0.2"
  resolved "http://registry.npm.taobao.org/core-util-is/download/core-util-is-1.0.2.tgz#b5fd54220aa2bc5ab57aab7140c940754503c1a7"

create-react-class@^15.5.2:
  version "15.5.2"
  resolved "http://registry.npm.taobao.org/create-react-class/download/create-react-class-15.5.2.tgz#6a8758348df660b88326a0e764d569f274aad681"
  dependencies:
    fbjs "^0.8.9"
    object-assign "^4.1.1"

css-animation@^1.2.5, css-animation@^1.3.0, css-animation@1.x:
  version "1.3.2"
  resolved "http://registry.npm.taobao.org/css-animation/download/css-animation-1.3.2.tgz#df515820ef5903733ad2db0999403b3037b8b880"
  dependencies:
    component-classes "^1.2.5"

css-select@~1.2.0:
  version "1.2.0"
  resolved "http://registry.npm.taobao.org/css-select/download/css-select-1.2.0.tgz#2b3a110539c5355f1cd8d314623e870b121ec858"
  dependencies:
    boolbase "~1.0.0"
    css-what "2.1"
    domutils "1.5.1"
    nth-check "~1.0.1"

css-what@2.1:
  version "2.1.0"
  resolved "http://registry.npm.taobao.org/css-what/download/css-what-2.1.0.tgz#9467d032c38cfaefb9f2d79501253062f87fa1bd"

define-properties@^1.1.2:
  version "1.1.2"
  resolved "http://registry.npm.taobao.org/define-properties/download/define-properties-1.1.2.tgz#83a73f2fea569898fb737193c8f873caf6d45c94"
  dependencies:
    foreach "^2.0.5"
    object-keys "^1.0.8"

dom-align@1.x:
  version "1.5.3"
  resolved "http://registry.npm.taobao.org/dom-align/download/dom-align-1.5.3.tgz#b906b616822a5e599f579ec8505e367c51da7588"

dom-closest@^0.2.0:
  version "0.2.0"
  resolved "http://registry.npm.taobao.org/dom-closest/download/dom-closest-0.2.0.tgz#ebd9f91d1bf22e8d6f477876bbcd3ec90216c0cf"
  dependencies:
    dom-matches ">=1.0.1"

dom-matches@>=1.0.1:
  version "2.0.0"
  resolved "http://registry.npm.taobao.org/dom-matches/download/dom-matches-2.0.0.tgz#d2728b416a87533980eb089b848d253cf23a758c"

dom-scroll-into-view@^1.2.0, dom-scroll-into-view@1.x:
  version "1.2.1"
  resolved "http://registry.npm.taobao.org/dom-scroll-into-view/download/dom-scroll-into-view-1.2.1.tgz#e8f36732dd089b0201a88d7815dc3f88e6d66c7e"

dom-serializer@~0.1.0, dom-serializer@0:
  version "0.1.0"
  resolved "http://registry.npm.taobao.org/dom-serializer/download/dom-serializer-0.1.0.tgz#073c697546ce0780ce23be4a28e293e40bc30c82"
  dependencies:
    domelementtype "~1.1.1"
    entities "~1.1.1"

domelementtype@^1.3.0, domelementtype@1:
  version "1.3.0"
  resolved "http://registry.npm.taobao.org/domelementtype/download/domelementtype-1.3.0.tgz#b17aed82e8ab59e52dd9c19b1756e0fc187204c2"

domelementtype@~1.1.1:
  version "1.1.3"
  resolved "http://registry.npm.taobao.org/domelementtype/download/domelementtype-1.1.3.tgz#bd28773e2642881aec51544924299c5cd822185b"

domhandler@^2.3.0:
  version "2.3.0"
  resolved "http://registry.npm.taobao.org/domhandler/download/domhandler-2.3.0.tgz#2de59a0822d5027fabff6f032c2b25a2a8abe738"
  dependencies:
    domelementtype "1"

domutils@^1.5.1, domutils@1.5.1:
  version "1.5.1"
  resolved "http://registry.npm.taobao.org/domutils/download/domutils-1.5.1.tgz#dcd8488a26f563d61079e48c9f7b7e32373682cf"
  dependencies:
    dom-serializer "0"
    domelementtype "1"

draft-js@^0.10.0, draft-js@~0.10.0:
  version "0.10.0"
  resolved "http://registry.npm.taobao.org/draft-js/download/draft-js-0.10.0.tgz#29d16191012b932fdab28a9b37ec1538f421abf6"
  dependencies:
    fbjs "^0.8.7"
    immutable "~3.7.4"
    object-assign "^4.1.0"

encoding@^0.1.11:
  version "0.1.12"
  resolved "http://registry.npm.taobao.org/encoding/download/encoding-0.1.12.tgz#538b66f3ee62cd1ab51ec323829d1f9480c74beb"
  dependencies:
    iconv-lite "~0.4.13"

enquire.js@^2.1.1:
  version "2.1.6"
  resolved "http://registry.npm.taobao.org/enquire.js/download/enquire.js-2.1.6.tgz#3e8780c9b8b835084c3f60e166dbc3c2a3c89814"

entities@^1.1.1, entities@~1.1.1:
  version "1.1.1"
  resolved "http://registry.npm.taobao.org/entities/download/entities-1.1.1.tgz#6e5c2d0a5621b5dadaecef80b90edfb5cd7772f0"

enzyme@^2.8.1:
  version "2.8.2"
  resolved "http://registry.npm.taobao.org/enzyme/download/enzyme-2.8.2.tgz#6c8bcb05012abc4aa4bc3213fb23780b9b5b1714"
  dependencies:
    cheerio "^0.22.0"
    function.prototype.name "^1.0.0"
    is-subset "^0.1.1"
    lodash "^4.17.2"
    object-is "^1.0.1"
    object.assign "^4.0.4"
    object.entries "^1.0.3"
    object.values "^1.0.3"
    prop-types "^15.5.4"
    uuid "^2.0.3"

es-abstract@^1.6.1:
  version "1.7.0"
  resolved "http://registry.npm.taobao.org/es-abstract/download/es-abstract-1.7.0.tgz#dfade774e01bfcd97f96180298c449c8623fb94c"
  dependencies:
    es-to-primitive "^1.1.1"
    function-bind "^1.1.0"
    is-callable "^1.1.3"
    is-regex "^1.0.3"

es-to-primitive@^1.1.1:
  version "1.1.1"
  resolved "http://registry.npm.taobao.org/es-to-primitive/download/es-to-primitive-1.1.1.tgz#45355248a88979034b6792e19bb81f2b7975dd0d"
  dependencies:
    is-callable "^1.1.1"
    is-date-object "^1.0.1"
    is-symbol "^1.0.1"

eventlistener@0.0.1:
  version "0.0.1"
  resolved "http://registry.npm.taobao.org/eventlistener/download/eventlistener-0.0.1.tgz#ed2baabb852227af2bcf889152c72c63ca532eb8"

fbjs@^0.8.7, fbjs@^0.8.9:
  version "0.8.12"
  resolved "http://registry.npm.taobao.org/fbjs/download/fbjs-0.8.12.tgz#10b5d92f76d45575fd63a217d4ea02bea2f8ed04"
  dependencies:
    core-js "^1.0.0"
    isomorphic-fetch "^2.1.1"
    loose-envify "^1.0.0"
    object-assign "^4.1.0"
    promise "^7.1.1"
    setimmediate "^1.0.5"
    ua-parser-js "^0.7.9"

foreach@^2.0.5:
  version "2.0.5"
  resolved "http://registry.npm.taobao.org/foreach/download/foreach-2.0.5.tgz#0bee005018aeb260d0a3af3ae658dd0136ec1b99"

function-bind@^1.0.2, function-bind@^1.1.0:
  version "1.1.0"
  resolved "http://registry.npm.taobao.org/function-bind/download/function-bind-1.1.0.tgz#16176714c801798e4e8f2cf7f7529467bb4a5771"

function.prototype.name@^1.0.0:
  version "1.0.0"
  resolved "http://registry.npm.taobao.org/function.prototype.name/download/function.prototype.name-1.0.0.tgz#5f523ca64e491a5f95aba80cc1e391080a14482e"
  dependencies:
    define-properties "^1.1.2"
    function-bind "^1.1.0"
    is-callable "^1.1.2"

hammerjs@^2.0.8:
  version "2.0.8"
  resolved "http://registry.npm.taobao.org/hammerjs/download/hammerjs-2.0.8.tgz#04ef77862cff2bb79d30f7692095930222bf60f1"

has@^1.0.1:
  version "1.0.1"
  resolved "http://registry.npm.taobao.org/has/download/has-1.0.1.tgz#8461733f538b0837c9361e39a9ab9e9704dc2f28"
  dependencies:
    function-bind "^1.0.2"

hoist-non-react-statics@1.x:
  version "1.2.0"
  resolved "http://registry.npm.taobao.org/hoist-non-react-statics/download/hoist-non-react-statics-1.2.0.tgz#aa448cf0986d55cc40773b17174b7dd066cb7cfb"

htmlparser2@^3.9.1:
  version "3.9.2"
  resolved "http://registry.npm.taobao.org/htmlparser2/download/htmlparser2-3.9.2.tgz#1bdf87acca0f3f9e53fa4fcceb0f4b4cbb00b338"
  dependencies:
    domelementtype "^1.3.0"
    domhandler "^2.3.0"
    domutils "^1.5.1"
    entities "^1.1.1"
    inherits "^2.0.1"
    readable-stream "^2.0.2"

iconv-lite@~0.4.13:
  version "0.4.15"
  resolved "http://registry.npm.taobao.org/iconv-lite/download/iconv-lite-0.4.15.tgz#fe265a218ac6a57cfe854927e9d04c19825eddeb"

immutable@^3.7.4, immutable@^3.8.1:
  version "3.8.1"
  resolved "http://registry.npm.taobao.org/immutable/download/immutable-3.8.1.tgz#200807f11ab0f72710ea485542de088075f68cd2"

immutable@~3.7.4:
  version "3.7.6"
  resolved "http://registry.npm.taobao.org/immutable/download/immutable-3.7.6.tgz#13b4d3cb12befa15482a26fe1b2ebae640071e4b"

inherits@^2.0.1, inherits@~2.0.1:
  version "2.0.3"
  resolved "http://registry.npm.taobao.org/inherits/download/inherits-2.0.3.tgz#633c2c83e3da42a502f52466022480f4208261de"

is-callable@^1.1.1, is-callable@^1.1.2, is-callable@^1.1.3:
  version "1.1.3"
  resolved "http://registry.npm.taobao.org/is-callable/download/is-callable-1.1.3.tgz#86eb75392805ddc33af71c92a0eedf74ee7604b2"

is-date-object@^1.0.1:
  version "1.0.1"
  resolved "http://registry.npm.taobao.org/is-date-object/download/is-date-object-1.0.1.tgz#9aa20eb6aeebbff77fbd33e74ca01b33581d3a16"

is-regex@^1.0.3:
  version "1.0.4"
  resolved "http://registry.npm.taobao.org/is-regex/download/is-regex-1.0.4.tgz#5517489b547091b0930e095654ced25ee97e9491"
  dependencies:
    has "^1.0.1"

is-stream@^1.0.1:
  version "1.1.0"
  resolved "http://registry.npm.taobao.org/is-stream/download/is-stream-1.1.0.tgz#12d4a3dd4e68e0b79ceb8dbc84173ae80d91ca44"

is-subset@^0.1.1:
  version "0.1.1"
  resolved "http://registry.npm.taobao.org/is-subset/download/is-subset-0.1.1.tgz#8a59117d932de1de00f245fcdd39ce43f1e939a6"

is-symbol@^1.0.1:
  version "1.0.1"
  resolved "http://registry.npm.taobao.org/is-symbol/download/is-symbol-1.0.1.tgz#3cc59f00025194b6ab2e38dbae6689256b660572"

isarray@~1.0.0:
  version "1.0.0"
  resolved "http://registry.npm.taobao.org/isarray/download/isarray-1.0.0.tgz#bb935d48582cba168c06834957a54a3e07124f11"

isomorphic-fetch@^2.1.1:
  version "2.2.1"
  resolved "http://registry.npm.taobao.org/isomorphic-fetch/download/isomorphic-fetch-2.2.1.tgz#611ae1acf14f5e81f729507472819fe9733558a9"
  dependencies:
    node-fetch "^1.0.1"
    whatwg-fetch ">=0.10.0"

jquery@>=1.7.2:
  version "3.2.1"
  resolved "http://registry.npm.taobao.org/jquery/download/jquery-3.2.1.tgz#5c4d9de652af6cd0a770154a631bba12b015c787"

js-tokens@^3.0.0:
  version "3.0.1"
  resolved "http://registry.npm.taobao.org/js-tokens/download/js-tokens-3.0.1.tgz#08e9f132484a2c45a30907e9dc4d5567b7f114d7"

json2mq@^0.2.0:
  version "0.2.0"
  resolved "http://registry.npm.taobao.org/json2mq/download/json2mq-0.2.0.tgz#b637bd3ba9eabe122c83e9720483aeb10d2c904a"
  dependencies:
    string-convert "^0.2.0"

lodash._getnative@^3.0.0:
  version "3.9.1"
  resolved "http://registry.npm.taobao.org/lodash._getnative/download/lodash._getnative-3.9.1.tgz#570bc7dede46d61cdcde687d65d3eecbaa3aaff5"

lodash.assignin@^4.0.9:
  version "4.2.0"
  resolved "http://registry.npm.taobao.org/lodash.assignin/download/lodash.assignin-4.2.0.tgz#ba8df5fb841eb0a3e8044232b0e263a8dc6a28a2"

lodash.bind@^4.1.4:
  version "4.2.1"
  resolved "http://registry.npm.taobao.org/lodash.bind/download/lodash.bind-4.2.1.tgz#7ae3017e939622ac31b7d7d7dcb1b34db1690d35"

lodash.debounce@^4.0.0, lodash.debounce@^4.0.8:
  version "4.0.8"
  resolved "http://registry.npm.taobao.org/lodash.debounce/download/lodash.debounce-4.0.8.tgz#82d79bff30a67c4005ffd5e2515300ad9ca4d7af"

lodash.defaults@^4.0.1:
  version "4.2.0"
  resolved "http://registry.npm.taobao.org/lodash.defaults/download/lodash.defaults-4.2.0.tgz#d09178716ffea4dde9e5fb7b37f6f0802274580c"

lodash.filter@^4.4.0:
  version "4.6.0"
  resolved "http://registry.npm.taobao.org/lodash.filter/download/lodash.filter-4.6.0.tgz#668b1d4981603ae1cc5a6fa760143e480b4c4ace"

lodash.flatten@^4.2.0:
  version "4.4.0"
  resolved "http://registry.npm.taobao.org/lodash.flatten/download/lodash.flatten-4.4.0.tgz#f31c22225a9632d2bbf8e4addbef240aa765a61f"

lodash.foreach@^4.3.0:
  version "4.5.0"
  resolved "http://registry.npm.taobao.org/lodash.foreach/download/lodash.foreach-4.5.0.tgz#1a6a35eace401280c7f06dddec35165ab27e3e53"

lodash.get@^4.4.2:
  version "4.4.2"
  resolved "http://registry.npm.taobao.org/lodash.get/download/lodash.get-4.4.2.tgz#2d177f652fa31e939b4438d5341499dfa3825e99"

lodash.has@^4.5.2:
  version "4.5.2"
  resolved "http://registry.npm.taobao.org/lodash.has/download/lodash.has-4.5.2.tgz#d19f4dc1095058cccbe2b0cdf4ee0fe4aa37c862"

lodash.isarguments@^3.0.0:
  version "3.1.0"
  resolved "http://registry.npm.taobao.org/lodash.isarguments/download/lodash.isarguments-3.1.0.tgz#2f573d85c6a24289ff00663b491c1d338ff3458a"

lodash.isarray@^3.0.0:
  version "3.0.4"
  resolved "http://registry.npm.taobao.org/lodash.isarray/download/lodash.isarray-3.0.4.tgz#79e4eb88c36a8122af86f844aa9bcd851b5fbb55"

lodash.keys@^3.1.2:
  version "3.1.2"
  resolved "http://registry.npm.taobao.org/lodash.keys/download/lodash.keys-3.1.2.tgz#4dbc0472b156be50a0b286855d1bd0b0c656098a"
  dependencies:
    lodash._getnative "^3.0.0"
    lodash.isarguments "^3.0.0"
    lodash.isarray "^3.0.0"

lodash.map@^4.4.0:
  version "4.6.0"
  resolved "http://registry.npm.taobao.org/lodash.map/download/lodash.map-4.6.0.tgz#771ec7839e3473d9c4cde28b19394c3562f4f6d3"

lodash.merge@^4.4.0:
  version "4.6.0"
  resolved "http://registry.npm.taobao.org/lodash.merge/download/lodash.merge-4.6.0.tgz#69884ba144ac33fe699737a6086deffadd0f89c5"

lodash.pick@^4.2.1:
  version "4.4.0"
  resolved "http://registry.npm.taobao.org/lodash.pick/download/lodash.pick-4.4.0.tgz#52f05610fff9ded422611441ed1fc123a03001b3"

lodash.reduce@^4.4.0:
  version "4.6.0"
  resolved "http://registry.npm.taobao.org/lodash.reduce/download/lodash.reduce-4.6.0.tgz#f1ab6b839299ad48f784abbf476596f03b914d3b"

lodash.reject@^4.4.0:
  version "4.6.0"
  resolved "http://registry.npm.taobao.org/lodash.reject/download/lodash.reject-4.6.0.tgz#80d6492dc1470864bbf583533b651f42a9f52415"

lodash.set@^4.3.2:
  version "4.3.2"
  resolved "http://registry.npm.taobao.org/lodash.set/download/lodash.set-4.3.2.tgz#d8757b1da807dde24816b0d6a84bea1a76230b23"

lodash.some@^4.4.0:
  version "4.6.0"
  resolved "http://registry.npm.taobao.org/lodash.some/download/lodash.some-4.6.0.tgz#1bb9f314ef6b8baded13b549169b2a945eb68e4d"

lodash.throttle@^4.0.0:
  version "4.1.1"
  resolved "http://registry.npm.taobao.org/lodash.throttle/download/lodash.throttle-4.1.1.tgz#c23e91b710242ac70c37f1e1cda9274cc39bf2f4"

lodash@^4.16.5, lodash@^4.17.2:
  version "4.17.4"
  resolved "http://registry.npm.taobao.org/lodash/download/lodash-4.17.4.tgz#78203a4d1c328ae1d86dca6460e369b57f4055ae"

loose-envify@^1.0.0:
  version "1.3.1"
  resolved "http://registry.npm.taobao.org/loose-envify/download/loose-envify-1.3.1.tgz#d1a8ad33fa9ce0e713d65fdd0ac8b748d478c848"
  dependencies:
    js-tokens "^3.0.0"

moment@~2.18.0, moment@2.x:
  version "2.18.1"
  resolved "http://registry.npm.taobao.org/moment/download/moment-2.18.1.tgz#c36193dd3ce1c2eed2adb7c802dbbc77a81b1c0f"

node-fetch@^1.0.1:
  version "1.6.3"
  resolved "http://registry.npm.taobao.org/node-fetch/download/node-fetch-1.6.3.tgz#dc234edd6489982d58e8f0db4f695029abcd8c04"
  dependencies:
    encoding "^0.1.11"
    is-stream "^1.0.1"

nth-check@~1.0.1:
  version "1.0.1"
  resolved "http://registry.npm.taobao.org/nth-check/download/nth-check-1.0.1.tgz#9929acdf628fc2c41098deab82ac580cf149aae4"
  dependencies:
    boolbase "~1.0.0"

object-assign@^4.0.1, object-assign@^4.1.0, object-assign@^4.1.1, object-assign@~4.1.0, object-assign@4.x:
  version "4.1.1"
  resolved "http://registry.npm.taobao.org/object-assign/download/object-assign-4.1.1.tgz#2109adc7965887cfc05cbbd442cac8bfbb360863"

object-is@^1.0.1:
  version "1.0.1"
  resolved "http://registry.npm.taobao.org/object-is/download/object-is-1.0.1.tgz#0aa60ec9989a0b3ed795cf4d06f62cf1ad6539b6"

object-keys@^1.0.10, object-keys@^1.0.8:
  version "1.0.11"
  resolved "http://registry.npm.taobao.org/object-keys/download/object-keys-1.0.11.tgz#c54601778ad560f1142ce0e01bcca8b56d13426d"

object.assign@^4.0.4:
  version "4.0.4"
  resolved "http://registry.npm.taobao.org/object.assign/download/object.assign-4.0.4.tgz#b1c9cc044ef1b9fe63606fc141abbb32e14730cc"
  dependencies:
    define-properties "^1.1.2"
    function-bind "^1.1.0"
    object-keys "^1.0.10"

object.entries@^1.0.3:
  version "1.0.4"
  resolved "http://registry.npm.taobao.org/object.entries/download/object.entries-1.0.4.tgz#1bf9a4dd2288f5b33f3a993d257661f05d161a5f"
  dependencies:
    define-properties "^1.1.2"
    es-abstract "^1.6.1"
    function-bind "^1.1.0"
    has "^1.0.1"

object.values@^1.0.3:
  version "1.0.4"
  resolved "http://registry.npm.taobao.org/object.values/download/object.values-1.0.4.tgz#e524da09b4f66ff05df457546ec72ac99f13069a"
  dependencies:
    define-properties "^1.1.2"
    es-abstract "^1.6.1"
    function-bind "^1.1.0"
    has "^1.0.1"

omit.js@^0.1.0:
  version "0.1.0"
  resolved "http://registry.npm.taobao.org/omit.js/download/omit.js-0.1.0.tgz#9786a21a6d6c316fa35bb14e7101eeee21c52044"
  dependencies:
    object-assign "^4.1.0"

process-nextick-args@~1.0.6:
  version "1.0.7"
  resolved "http://registry.npm.taobao.org/process-nextick-args/download/process-nextick-args-1.0.7.tgz#150e20b756590ad3f91093f25a4f2ad8bff30ba3"

promise@^7.1.1:
  version "7.1.1"
  resolved "http://registry.npm.taobao.org/promise/download/promise-7.1.1.tgz#489654c692616b8aa55b0724fa809bb7db49c5bf"
  dependencies:
    asap "~2.0.3"

prop-types@^15.5.4, prop-types@^15.5.6, prop-types@^15.5.7, prop-types@^15.5.8:
  version "15.5.8"
  resolved "http://registry.npm.taobao.org/prop-types/download/prop-types-15.5.8.tgz#6b7b2e141083be38c8595aa51fc55775c7199394"
  dependencies:
    fbjs "^0.8.9"

rc-align@2.x:
  version "2.3.4"
  resolved "http://registry.npm.taobao.org/rc-align/download/rc-align-2.3.4.tgz#d83bdab7560f0142e72a3de1d495dab6ba225249"
  dependencies:
    dom-align "1.x"
    prop-types "^15.5.8"
    rc-util "4.x"

rc-animate@^2.0.2, rc-animate@^2.3.0, rc-animate@~2.3.0, rc-animate@2.x:
  version "2.3.6"
  resolved "http://registry.npm.taobao.org/rc-animate/download/rc-animate-2.3.6.tgz#4177a2822c67adf4fd5b908ceba7cee8d13c1fac"
  dependencies:
    css-animation "^1.3.0"
    prop-types "^15.5.6"

rc-calendar@~7.8.0:
  version "7.8.0"
  resolved "http://registry.npm.taobao.org/rc-calendar/download/rc-calendar-7.8.0.tgz#11e1e4fccfb318fd51dd97ba4d278c78022fe1fb"
  dependencies:
    babel-runtime "6.x"
    classnames "2.x"
    moment "2.x"
    rc-trigger "1.x"
    rc-util "3.x"

rc-cascader@~0.11.0:
  version "0.11.2"
  resolved "http://registry.npm.taobao.org/rc-cascader/download/rc-cascader-0.11.2.tgz#8aeb3ba64650bddde4a9da4ca88606e7c3555f1a"
  dependencies:
    array-tree-filter "^1.0.0"
    rc-trigger "1.x"
    rc-util "4.x"
    shallow-equal "^1.0.0"

rc-checkbox@~1.5.0, rc-checkbox@1.x:
  version "1.5.0"
  resolved "http://registry.npm.taobao.org/rc-checkbox/download/rc-checkbox-1.5.0.tgz#464ce9b40b1ad9d119524ced174a60a7b4eb7529"
  dependencies:
    classnames "2.x"
    rc-util "^4.0.1"

rc-collapse@~1.6.4:
  version "1.6.12"
  resolved "http://registry.npm.taobao.org/rc-collapse/download/rc-collapse-1.6.12.tgz#4eb3a866cdeea7eea9962e8072ecbbf0025f427b"
  dependencies:
    classnames "2.x"
    css-animation "1.x"
    rc-animate "2.x"

rc-dialog@~6.5.0:
  version "6.5.8"
  resolved "http://registry.npm.taobao.org/rc-dialog/download/rc-dialog-6.5.8.tgz#9aec022122c0220a53591f2dd2e2774584df8397"
  dependencies:
    babel-runtime "6.x"
    object-assign "~4.1.0"
    rc-animate "2.x"
    rc-util "^4.0.2"

rc-dropdown@~1.4.8:
  version "1.4.10"
  resolved "http://registry.npm.taobao.org/rc-dropdown/download/rc-dropdown-1.4.10.tgz#77d1beff082a5dba0929906c8722fc53f84a69f4"
  dependencies:
    rc-trigger "1.x"

rc-editor-core@~0.6.12:
  version "0.6.19"
  resolved "http://registry.npm.taobao.org/rc-editor-core/download/rc-editor-core-0.6.19.tgz#7709fdaa64d6dc69799818093b62e701f83a1365"
  dependencies:
    draft-js "^0.10.0"
    fbjs "^0.8.9"
    immutable "^3.7.4"
    lodash "^4.16.5"

rc-editor-mention@~0.5.2:
  version "0.5.5"
  resolved "http://registry.npm.taobao.org/rc-editor-mention/download/rc-editor-mention-0.5.5.tgz#92e38a016e2f0fc40b4d24136b8ca73e15377bcd"
  dependencies:
    classnames "^2.2.5"
    dom-scroll-into-view "^1.2.0"
    draft-js "~0.10.0"
    immutable "^3.8.1"
    rc-animate "^2.3.0"
    rc-editor-core "~0.6.12"

rc-form@~1.3.0:
  version "1.3.1"
  resolved "http://registry.npm.taobao.org/rc-form/download/rc-form-1.3.1.tgz#23ce35e37d1bbe8370e6e88b604b167650f99afa"
  dependencies:
    async-validator "1.x"
    babel-runtime "6.x"
    dom-scroll-into-view "1.x"
    hoist-non-react-statics "1.x"
    lodash.get "^4.4.2"
    lodash.has "^4.5.2"
    lodash.set "^4.3.2"
    warning "^3.0.0"

rc-input-number@~3.4.4:
  version "3.4.13"
  resolved "http://registry.npm.taobao.org/rc-input-number/download/rc-input-number-3.4.13.tgz#fa2d3ec9c77a3ea42210047da40bfbb6394281c8"
  dependencies:
    babel-runtime "6.x"
    classnames "^2.2.0"
    create-react-class "^15.5.2"
    prop-types "^15.5.7"
    rc-touchable "^1.0.0"

rc-menu@~5.0.9, "rc-menu@5.x || 4.x":
  version "5.0.10"
  resolved "http://registry.npm.taobao.org/rc-menu/download/rc-menu-5.0.10.tgz#266cf12e5844ba2606730b9198422da04d102b7e"
  dependencies:
    babel-runtime "6.x"
    classnames "2.x"
    create-react-class "^15.5.2"
    dom-scroll-into-view "1.x"
    prop-types "^15.5.6"
    rc-animate "2.x"
    rc-util "^4.0.2"

rc-notification@~1.4.0:
  version "1.4.1"
  resolved "http://registry.npm.taobao.org/rc-notification/download/rc-notification-1.4.1.tgz#3771b47992bd8a45c282e1d9d3a78170990de55b"
  dependencies:
    classnames "2.x"
    rc-animate "2.x"
    rc-util "4.0.2"

rc-pagination@~1.8.0:
  version "1.8.5"
  resolved "http://registry.npm.taobao.org/rc-pagination/download/rc-pagination-1.8.5.tgz#0afef237605983d5bc8814aeaa4c47111c002f32"
  dependencies:
    prop-types "^15.5.7"

rc-progress@~2.1.0:
  version "2.1.0"
  resolved "http://registry.npm.taobao.org/rc-progress/download/rc-progress-2.1.0.tgz#b9072b1f8dcbbb4763f3ee66a42becb457113966"

rc-radio@~2.0.0:
  version "2.0.0"
  resolved "http://registry.npm.taobao.org/rc-radio/download/rc-radio-2.0.0.tgz#357b2da4d46564784b85d4bb5f0edf6c207155b3"
  dependencies:
    rc-checkbox "1.x"

rc-rate@~2.1.0:
  version "2.1.0"
  resolved "http://registry.npm.taobao.org/rc-rate/download/rc-rate-2.1.0.tgz#ce40df91df5eb8a43154941e9dd5a340a0694ae4"
  dependencies:
    classnames "^2.2.5"

rc-select@~6.8.0:
  version "6.8.2"
  resolved "http://registry.npm.taobao.org/rc-select/download/rc-select-6.8.2.tgz#8b8b3ae2297ab91d0a5ab6821ac45a5c63834466"
  dependencies:
    babel-runtime "6.x"
    classnames "2.x"
    component-classes "1.x"
    dom-scroll-into-view "1.x"
    rc-animate "2.x"
    rc-menu "5.x || 4.x"
    rc-trigger "1.x"
    rc-util "4.x"
    warning "2.x"

rc-slider@~7.0.0:
  version "7.0.1"
  resolved "http://registry.npm.taobao.org/rc-slider/download/rc-slider-7.0.1.tgz#e4b3626b1d65ca2cf0a0f0ab264a7f02797c1156"
  dependencies:
    babel-runtime "6.x"
    classnames "^2.2.5"
    object-assign "^4.1.1"
    prop-types "^15.5.4"
    rc-tooltip "^3.4.2"
    rc-util "^4.0.0"
    warning "^3.0.0"

rc-steps@~2.5.0:
  version "2.5.1"
  resolved "http://registry.npm.taobao.org/rc-steps/download/rc-steps-2.5.1.tgz#c3969aea3fb984cecb977a4a96ab634d756a6dc4"
  dependencies:
    classnames "^2.2.3"
    lodash.debounce "^4.0.8"
    prop-types "^15.5.7"

rc-switch@~1.4.2:
  version "1.4.4"
  resolved "http://registry.npm.taobao.org/rc-switch/download/rc-switch-1.4.4.tgz#fdf084ac91f0267f828bdb94bb208ca1fe89815b"
  dependencies:
    classnames "^2.2.1"
    prop-types "^15.5.6"

rc-table@~5.2.13:
  version "5.2.15"
  resolved "http://registry.npm.taobao.org/rc-table/download/rc-table-5.2.15.tgz#a6521ba68d660b023e9854f81fffdd7a80065e22"
  dependencies:
    component-classes "^1.2.6"
    lodash.get "^4.4.2"
    rc-util "4.x"
    shallowequal "^0.2.2"
    warning "^3.0.0"

rc-tabs@~7.3.0:
  version "7.3.1"
  resolved "http://registry.npm.taobao.org/rc-tabs/download/rc-tabs-7.3.1.tgz#95ad3cdd41e75e0ca22fa63f9c9d4f489cf93d70"
  dependencies:
    babel-runtime "6.x"
    classnames "2.x"
    react-hammerjs "~0.5.0"

rc-time-picker@~2.3.3:
  version "2.3.4"
  resolved "http://registry.npm.taobao.org/rc-time-picker/download/rc-time-picker-2.3.4.tgz#eaefab291aa234a04ca72b05349185a2a517a03d"
  dependencies:
    babel-runtime "6.x"
    classnames "2.x"
    moment "2.x"
    prop-types "^15.5.8"
    rc-trigger "1.x"

rc-tooltip@^3.4.2, rc-tooltip@~3.4.2:
  version "3.4.3"
  resolved "http://registry.npm.taobao.org/rc-tooltip/download/rc-tooltip-3.4.3.tgz#6ae6ef0eccea39ca2add125bccdb34802c612eec"
  dependencies:
    prop-types "^15.5.8"
    rc-trigger "1.x"

rc-touchable@^1.0.0:
  version "1.0.13"
  resolved "http://registry.npm.taobao.org/rc-touchable/download/rc-touchable-1.0.13.tgz#2f56599210a81999296235e3880c497d63ad1aa5"
  dependencies:
    babel-runtime "6.x"
    object-assign "^4.1.0"

rc-tree-select@~1.9.0:
  version "1.9.4"
  resolved "http://registry.npm.taobao.org/rc-tree-select/download/rc-tree-select-1.9.4.tgz#9bb4778689dce1257a6aa67cc176760e90611c79"
  dependencies:
    classnames "^2.2.1"
    object-assign "^4.0.1"
    prop-types "^15.5.8"
    rc-animate "^2.0.2"
    rc-tree "^1.3.0"
    rc-trigger "1.x"
    rc-util "^4.0.2"

rc-tree@^1.3.0, rc-tree@~1.4.0:
  version "1.4.6"
  resolved "http://registry.npm.taobao.org/rc-tree/download/rc-tree-1.4.6.tgz#2bf47539006de06e247298f91bc2e1440d123662"
  dependencies:
    classnames "2.x"
    object-assign "4.x"
    prop-types "^15.5.8"
    rc-animate "2.x"
    rc-util "^4.0.2"

rc-trigger@1.x:
  version "1.10.2"
  resolved "http://registry.npm.taobao.org/rc-trigger/download/rc-trigger-1.10.2.tgz#b8ca1a627e7820448a1fc10065a50b1b4484c683"
  dependencies:
    babel-runtime "6.x"
    create-react-class "^15.5.2"
    prop-types "^15.5.8"
    rc-align "2.x"
    rc-animate "2.x"
    rc-util "4.x"

rc-upload@~2.3.0:
  version "2.3.4"
  resolved "http://registry.npm.taobao.org/rc-upload/download/rc-upload-2.3.4.tgz#f8b5fe2dbc091b50a473ea6e0fdd0776b27747b3"
  dependencies:
    babel-runtime "6.x"
    classnames "^2.2.5"
    warning "2.x"

rc-util@^4.0.0, rc-util@^4.0.1, rc-util@^4.0.2, rc-util@4.0.2, rc-util@4.x:
  version "4.0.2"
  resolved "http://registry.npm.taobao.org/rc-util/download/rc-util-4.0.2.tgz#5804f8b141a13c8c14d7c265a7d21d298195af46"
  dependencies:
    add-dom-event-listener "1.x"
    shallowequal "^0.2.2"

rc-util@3.x:
  version "3.4.1"
  resolved "http://registry.npm.taobao.org/rc-util/download/rc-util-3.4.1.tgz#4b7e0b0c7593bdbcff8ed045d88fbbc773a7b061"
  dependencies:
    add-dom-event-listener "1.x"
    classnames "2.x"
    shallowequal "0.2.x"

react-hammerjs@~0.5.0:
  version "0.5.0"
  resolved "http://registry.npm.taobao.org/react-hammerjs/download/react-hammerjs-0.5.0.tgz#aa20e5c5f44d660f3e8e87ed11282f12173e77ae"
  dependencies:
    hammerjs "^2.0.8"

react-lazy-load@^3.0.10:
  version "3.0.11"
  resolved "http://registry.npm.taobao.org/react-lazy-load/download/react-lazy-load-3.0.11.tgz#1d27e4e1f6dc77daaf9236db707aaf2bbbfabafe"
  dependencies:
    eventlistener "0.0.1"
    lodash.debounce "^4.0.0"
    lodash.throttle "^4.0.0"

react-responsive-mixin@^0.4.0:
  version "0.4.0"
  resolved "http://registry.npm.taobao.org/react-responsive-mixin/download/react-responsive-mixin-0.4.0.tgz#9504218a17d49346d9a09a1f5945f629afdb624b"
  dependencies:
    can-use-dom "^0.1.0"
    enquire.js "^2.1.1"
    json2mq "^0.2.0"

react-slick@~0.14.2:
  version "0.14.8"
  resolved "http://registry.npm.taobao.org/react-slick/download/react-slick-0.14.8.tgz#c6e46b7243d869ad7c59c1ce32bf69490e335dc2"
  dependencies:
    classnames "^2.2.5"
    create-react-class "^15.5.2"
    enzyme "^2.8.1"
    json2mq "^0.2.0"
    object-assign "^4.1.0"
    react-responsive-mixin "^0.4.0"
    react-test-renderer "^15.5.4"
    slick-carousel "^1.6.0"

react-test-renderer@^15.5.4:
  version "15.5.4"
  resolved "http://registry.npm.taobao.org/react-test-renderer/download/react-test-renderer-15.5.4.tgz#d4ebb23f613d685ea8f5390109c2d20fbf7c83bc"
  dependencies:
    fbjs "^0.8.9"
    object-assign "^4.1.0"

readable-stream@^2.0.2:
  version "2.2.9"
  resolved "http://registry.npm.taobao.org/readable-stream/download/readable-stream-2.2.9.tgz#cf78ec6f4a6d1eb43d26488cac97f042e74b7fc8"
  dependencies:
    buffer-shims "~1.0.0"
    core-util-is "~1.0.0"
    inherits "~2.0.1"
    isarray "~1.0.0"
    process-nextick-args "~1.0.6"
    string_decoder "~1.0.0"
    util-deprecate "~1.0.1"

regenerator-runtime@^0.10.0:
  version "0.10.3"
  resolved "http://registry.npm.taobao.org/regenerator-runtime/download/regenerator-runtime-0.10.3.tgz#8c4367a904b51ea62a908ac310bf99ff90a82a3e"

setimmediate@^1.0.5:
  version "1.0.5"
  resolved "http://registry.npm.taobao.org/setimmediate/download/setimmediate-1.0.5.tgz#290cbb232e306942d7d7ea9b83732ab7856f8285"

shallow-equal@^1.0.0:
  version "1.0.0"
  resolved "http://registry.npm.taobao.org/shallow-equal/download/shallow-equal-1.0.0.tgz#508d1838b3de590ab8757b011b25e430900945f7"

shallowequal@^0.2.2, shallowequal@0.2.x:
  version "0.2.2"
  resolved "http://registry.npm.taobao.org/shallowequal/download/shallowequal-0.2.2.tgz#1e32fd5bcab6ad688a4812cb0cc04efc75c7014e"
  dependencies:
    lodash.keys "^3.1.2"

slick-carousel@^1.6.0:
  version "1.6.0"
  resolved "http://registry.npm.taobao.org/slick-carousel/download/slick-carousel-1.6.0.tgz#780f378e470f4e6f6bec1aa2bae0475f4f9eb085"
  dependencies:
    jquery ">=1.7.2"

string_decoder@~1.0.0:
  version "1.0.0"
  resolved "http://registry.npm.taobao.org/string_decoder/download/string_decoder-1.0.0.tgz#f06f41157b664d86069f84bdbdc9b0d8ab281667"
  dependencies:
    buffer-shims "~1.0.0"

string-convert@^0.2.0:
  version "0.2.1"
  resolved "http://registry.npm.taobao.org/string-convert/download/string-convert-0.2.1.tgz#6982cc3049fbb4cd85f8b24568b9d9bf39eeff97"

ua-parser-js@^0.7.9:
  version "0.7.12"
  resolved "http://registry.npm.taobao.org/ua-parser-js/download/ua-parser-js-0.7.12.tgz#04c81a99bdd5dc52263ea29d24c6bf8d4818a4bb"

util-deprecate@~1.0.1:
  version "1.0.2"
  resolved "http://registry.npm.taobao.org/util-deprecate/download/util-deprecate-1.0.2.tgz#450d4dc9fa70de732762fbd2d4a28981419a0ccf"

uuid@^2.0.3:
  version "2.0.3"
  resolved "http://registry.npm.taobao.org/uuid/download/uuid-2.0.3.tgz#67e2e863797215530dff318e5bf9dcebfd47b21a"

warning@^3.0.0, warning@~3.0.0:
  version "3.0.0"
  resolved "http://registry.npm.taobao.org/warning/download/warning-3.0.0.tgz#32e5377cb572de4ab04753bdf8821c01ed605b7c"
  dependencies:
    loose-envify "^1.0.0"

warning@2.x:
  version "2.1.0"
  resolved "http://registry.npm.taobao.org/warning/download/warning-2.1.0.tgz#21220d9c63afc77a8c92111e011af705ce0c6901"
  dependencies:
    loose-envify "^1.0.0"

whatwg-fetch@>=0.10.0:
  version "2.0.3"
  resolved "http://registry.npm.taobao.org/whatwg-fetch/download/whatwg-fetch-2.0.3.tgz#9c84ec2dcf68187ff00bc64e1274b442176e1c84"

