# This file is autogenerated, do not edit; changes may be undone by the next 'dep ensure'.


[[projects]]
  name = "github.com/astaxie/beego"
  packages = [".","config","context","context/param","grace","logs","session","toolbox","utils"]
  revision = "cab8458c1c4a5a3b4bf5192922be620e6dede15b"
  version = "v1.8.3"

[solve-meta]
  analyzer-name = "dep"
  analyzer-version = 1
  inputs-digest = "cf66eb8db09ae865eb18003938476c695d7956401f9ae46384f9b2a202a5f5d8"
  solver-name = "gps-cdcl"
  solver-version = 1
